
Microsoft Visual Studio Solution File, Format Version 12.00
# Visual Studio Version 16
VisualStudioVersion = 16.0.32901.82
MinimumVisualStudioVersion = 10.0.40219.1
Project("{FAE04EC0-301F-11D3-BF4B-00C04F79EFBC}") = "LMS(UD81281)", "LMS(UD81281)\LMS(UD81281).csproj", "{AEC640F0-BE11-4EF9-9B24-BB7E0C589927}"
EndProject
Global
	GlobalSection(SolutionConfigurationPlatforms) = preSolution
		Debug|Any CPU = Debug|Any CPU
		Release|Any CPU = Release|Any CPU
	EndGlobalSection
	GlobalSection(ProjectConfigurationPlatforms) = postSolution
		{AEC640F0-BE11-4EF9-9B24-BB7E0C589927}.Debug|Any CPU.ActiveCfg = Debug|Any CPU
		{AEC640F0-BE11-4EF9-9B24-BB7E0C589927}.Debug|Any CPU.Build.0 = Debug|Any CPU
		{AEC640F0-BE11-4EF9-9B24-BB7E0C589927}.Release|Any CPU.ActiveCfg = Release|Any CPU
		{AEC640F0-BE11-4EF9-9B24-BB7E0C589927}.Release|Any CPU.Build.0 = Release|Any CPU
	EndGlobalSection
	GlobalSection(SolutionProperties) = preSolution
		HideSolutionNode = FALSE
	EndGlobalSection
	GlobalSection(ExtensibilityGlobals) = postSolution
		SolutionGuid = {AFBD6FED-B85F-4198-B015-5205223D77E1}
	EndGlobalSection
EndGlobal
